
Microsoft Visual Studio Solution File, Format Version 12.00
# Visual Studio 15
VisualStudioVersion = 15.0.27703.2026
MinimumVisualStudioVersion = 10.0.40219.1
Project("{9A19103F-16F7-4668-BE54-9A1E7A4F7556}") = "PdDL", "PdDL.csproj", "{0F12295E-54EF-45A1-B58B-EF01DE93D044}"
EndProject
Global
	GlobalSection(SolutionConfigurationPlatforms) = preSolution
		Debug|Any CPU = Debug|Any CPU
		Release|Any CPU = Release|Any CPU
	EndGlobalSection
	GlobalSection(ProjectConfigurationPlatforms) = postSolution
		{0F12295E-54EF-45A1-B58B-EF01DE93D044}.Debug|Any CPU.ActiveCfg = Debug|Any CPU
		{0F12295E-54EF-45A1-B58B-EF01DE93D044}.Debug|Any CPU.Build.0 = Debug|Any CPU
		{0F12295E-54EF-45A1-B58B-EF01DE93D044}.Release|Any CPU.ActiveCfg = Release|Any CPU
		{0F12295E-54EF-45A1-B58B-EF01DE93D044}.Release|Any CPU.Build.0 = Release|Any CPU
	EndGlobalSection
	GlobalSection(SolutionProperties) = preSolution
		HideSolutionNode = FALSE
	EndGlobalSection
	GlobalSection(ExtensibilityGlobals) = postSolution
		SolutionGuid = {7B50B941-4101-48FD-B4D6-5DBA272C8F8B}
	EndGlobalSection
EndGlobal
